// !$*UTF8*$!
{
	archiveVersion = 1;
	classes = {
	};
	objectVersion = 77;
	objects = {

/* Begin PBXContainerItemProxy section */
		D9C387922D0DA2FE00E77054 /* PBXContainerItemProxy */ = {
			isa = PBXContainerItemProxy;
			containerPortal = D9C387792D0DA2FD00E77054 /* Project object */;
			proxyType = 1;
			remoteGlobalIDString = D9C387802D0DA2FD00E77054;
			remoteInfo = tasty.ai;
		};
		D9C3879C2D0DA2FE00E77054 /* PBXContainerItemProxy */ = {
			isa = PBXContainerItemProxy;
			containerPortal = D9C387792D0DA2FD00E77054 /* Project object */;
			proxyType = 1;
			remoteGlobalIDString = D9C387802D0DA2FD00E77054;
			remoteInfo = tasty.ai;
		};
/* End PBXContainerItemProxy section */

/* Begin PBXFileReference section */
		D9C387812D0DA2FD00E77054 /* tasty.ai.app */ = {isa = PBXFileReference; explicitFileType = wrapper.application; includeInIndex = 0; path = tasty.ai.app; sourceTree = BUILT_PRODUCTS_DIR; };
		D9C387912D0DA2FE00E77054 /* tasty.aiTests.xctest */ = {isa = PBXFileReference; explicitFileType = wrapper.cfbundle; includeInIndex = 0; path = tasty.aiTests.xctest; sourceTree = BUILT_PRODUCTS_DIR; };
		D9C3879B2D0DA2FE00E77054 /* tasty.aiUITests.xctest */ = {isa = PBXFileReference; explicitFileType = wrapper.cfbundle; includeInIndex = 0; path = tasty.aiUITests.xctest; sourceTree = BUILT_PRODUCTS_DIR; };
/* End PBXFileReference section */

/* Begin PBXFileSystemSynchronizedRootGroup section */
		D9C387832D0DA2FD00E77054 /* tasty.ai */ = {
			isa = PBXFileSystemSynchronizedRootGroup;
			path = tasty.ai;
			sourceTree = "<group>";
		};
		D9C387942D0DA2FE00E77054 /* tasty.aiTests */ = {
			isa = PBXFileSystemSynchronizedRootGroup;
			path = tasty.aiTests;
			sourceTree = "<group>";
		};
		D9C3879E2D0DA2FE00E77054 /* tasty.aiUITests */ = {
			isa = PBXFileSystemSynchronizedRootGroup;
			path = tasty.aiUITests;
			sourceTree = "<group>";
		};
/* End PBXFileSystemSynchronizedRootGroup section */

/* Begin PBXFrameworksBuildPhase section */
		D9C3877E2D0DA2FD00E77054 /* Frameworks */ = {
			isa = PBXFrameworksBuildPhase;
			buildActionMask = 2147483647;
			files = (
			);
			runOnlyForDeploymentPostprocessing = 0;
		};
		D9C3878E2D0DA2FE00E77054 /* Frameworks */ = {
			isa = PBXFrameworksBuildPhase;
			buildActionMask = 2147483647;
			files = (
			);
			runOnlyForDeploymentPostprocessing = 0;
		};
		D9C387982D0DA2FE00E77054 /* Frameworks */ = {
			isa = PBXFrameworksBuildPhase;
			buildActionMask = 2147483647;
			files = (
			);
			runOnlyForDeploymentPostprocessing = 0;
		};
/* End PBXFrameworksBuildPhase section */

/* Begin PBXGroup section */
		D9C387782D0DA2FD00E77054 = {
			isa = PBXGroup;
			children = (
				D9C387832D0DA2FD00E77054 /* tasty.ai */,
				D9C387942D0DA2FE00E77054 /* tasty.aiTests */,
				D9C3879E2D0DA2FE00E77054 /* tasty.aiUITests */,
				D9C387822D0DA2FD00E77054 /* Products */,
			);
			sourceTree = "<group>";
		};
		D9C387822D0DA2FD00E77054 /* Products */ = {
			isa = PBXGroup;
			children = (
				D9C387812D0DA2FD00E77054 /* tasty.ai.app */,
				D9C387912D0DA2FE00E77054 /* tasty.aiTests.xctest */,
				D9C3879B2D0DA2FE00E77054 /* tasty.aiUITests.xctest */,
			);
			name = Products;
			sourceTree = "<group>";
		};
/* End PBXGroup section */

/* Begin PBXNativeTarget section */
		D9C387802D0DA2FD00E77054 /* tasty.ai */ = {
			isa = PBXNativeTarget;
			buildConfigurationList = D9C387A52D0DA2FE00E77054 /* Build configuration list for PBXNativeTarget "tasty.ai" */;
			buildPhases = (
				D9C3877D2D0DA2FD00E77054 /* Sources */,
				D9C3877E2D0DA2FD00E77054 /* Frameworks */,
				D9C3877F2D0DA2FD00E77054 /* Resources */,
			);
			buildRules = (
			);
			dependencies = (
			);
			fileSystemSynchronizedGroups = (
				D9C387832D0DA2FD00E77054 /* tasty.ai */,
			);
			name = tasty.ai;
			packageProductDependencies = (
			);
			productName = tasty.ai;
			productReference = D9C387812D0DA2FD00E77054 /* tasty.ai.app */;
			productType = "com.apple.product-type.application";
		};
		D9C387902D0DA2FE00E77054 /* tasty.aiTests */ = {
			isa = PBXNativeTarget;
			buildConfigurationList = D9C387A82D0DA2FE00E77054 /* Build configuration list for PBXNativeTarget "tasty.aiTests" */;
			buildPhases = (
				D9C3878D2D0DA2FE00E77054 /* Sources */,
				D9C3878E2D0DA2FE00E77054 /* Frameworks */,
				D9C3878F2D0DA2FE00E77054 /* Resources */,
			);
			buildRules = (
			);
			dependencies = (
				D9C387932D0DA2FE00E77054 /* PBXTargetDependency */,
			);
			fileSystemSynchronizedGroups = (
				D9C387942D0DA2FE00E77054 /* tasty.aiTests */,
			);
			name = tasty.aiTests;
			packageProductDependencies = (
			);
			productName = tasty.aiTests;
			productReference = D9C387912D0DA2FE00E77054 /* tasty.aiTests.xctest */;
			productType = "com.apple.product-type.bundle.unit-test";
		};
		D9C3879A2D0DA2FE00E77054 /* tasty.aiUITests */ = {
			isa = PBXNativeTarget;
			buildConfigurationList = D9C387AB2D0DA2FE00E77054 /* Build configuration list for PBXNativeTarget "tasty.aiUITests" */;
			buildPhases = (
				D9C387972D0DA2FE00E77054 /* Sources */,
				D9C387982D0DA2FE00E77054 /* Frameworks */,
				D9C387992D0DA2FE00E77054 /* Resources */,
			);
			buildRules = (
			);
			dependencies = (
				D9C3879D2D0DA2FE00E77054 /* PBXTargetDependency */,
			);
			fileSystemSynchronizedGroups = (
				D9C3879E2D0DA2FE00E77054 /* tasty.aiUITests */,
			);
			name = tasty.aiUITests;
			packageProductDependencies = (
			);
			productName = tasty.aiUITests;
			productReference = D9C3879B2D0DA2FE00E77054 /* tasty.aiUITests.xctest */;
			productType = "com.apple.product-type.bundle.ui-testing";
		};
/* End PBXNativeTarget section */

/* Begin PBXProject section */
		D9C387792D0DA2FD00E77054 /* Project object */ = {
			isa = PBXProject;
			attributes = {
				BuildIndependentTargetsInParallel = 1;
				LastSwiftUpdateCheck = 1600;
				LastUpgradeCheck = 1600;
				TargetAttributes = {
					D9C387802D0DA2FD00E77054 = {
						CreatedOnToolsVersion = 16.0;
					};
					D9C387902D0DA2FE00E77054 = {
						CreatedOnToolsVersion = 16.0;
						TestTargetID = D9C387802D0DA2FD00E77054;
					};
					D9C3879A2D0DA2FE00E77054 = {
						CreatedOnToolsVersion = 16.0;
						TestTargetID = D9C387802D0DA2FD00E77054;
					};
				};
			};
			buildConfigurationList = D9C3877C2D0DA2FD00E77054 /* Build configuration list for PBXProject "tasty.ai" */;
			developmentRegion = en;
			hasScannedForEncodings = 0;
			knownRegions = (
				en,
				Base,
			);
			mainGroup = D9C387782D0DA2FD00E77054;
			minimizedProjectReferenceProxies = 1;
			preferredProjectObjectVersion = 77;
			productRefGroup = D9C387822D0DA2FD00E77054 /* Products */;
			projectDirPath = "";
			projectRoot = "";
			targets = (
				D9C387802D0DA2FD00E77054 /* tasty.ai */,
				D9C387902D0DA2FE00E77054 /* tasty.aiTests */,
				D9C3879A2D0DA2FE00E77054 /* tasty.aiUITests */,
			);
		};
/* End PBXProject section */

/* Begin PBXResourcesBuildPhase section */
		D9C3877F2D0DA2FD00E77054 /* Resources */ = {
			isa = PBXResourcesBuildPhase;
			buildActionMask = 2147483647;
			files = (
			);
			runOnlyForDeploymentPostprocessing = 0;
		};
		D9C3878F2D0DA2FE00E77054 /* Resources */ = {
			isa = PBXResourcesBuildPhase;
			buildActionMask = 2147483647;
			files = (
			);
			runOnlyForDeploymentPostprocessing = 0;
		};
		D9C387992D0DA2FE00E77054 /* Resources */ = {
			isa = PBXResourcesBuildPhase;
			buildActionMask = 2147483647;
			files = (
			);
			runOnlyForDeploymentPostprocessing = 0;
		};
/* End PBXResourcesBuildPhase section */

/* Begin PBXSourcesBuildPhase section */
		D9C3877D2D0DA2FD00E77054 /* Sources */ = {
			isa = PBXSourcesBuildPhase;
			buildActionMask = 2147483647;
			files = (
			);
			runOnlyForDeploymentPostprocessing = 0;
		};
		D9C3878D2D0DA2FE00E77054 /* Sources */ = {
			isa = PBXSourcesBuildPhase;
			buildActionMask = 2147483647;
			files = (
			);
			runOnlyForDeploymentPostprocessing = 0;
		};
		D9C387972D0DA2FE00E77054 /* Sources */ = {
			isa = PBXSourcesBuildPhase;
			buildActionMask = 2147483647;
			files = (
			);
			runOnlyForDeploymentPostprocessing = 0;
		};
/* End PBXSourcesBuildPhase section */

/* Begin PBXTargetDependency section */
		D9C387932D0DA2FE00E77054 /* PBXTargetDependency */ = {
			isa = PBXTargetDependency;
			target = D9C387802D0DA2FD00E77054 /* tasty.ai */;
			targetProxy = D9C387922D0DA2FE00E77054 /* PBXContainerItemProxy */;
		};
		D9C3879D2D0DA2FE00E77054 /* PBXTargetDependency */ = {
			isa = PBXTargetDependency;
			target = D9C387802D0DA2FD00E77054 /* tasty.ai */;
			targetProxy = D9C3879C2D0DA2FE00E77054 /* PBXContainerItemProxy */;
		};
/* End PBXTargetDependency section */

/* Begin XCBuildConfiguration section */
		D9C387A32D0DA2FE00E77054 /* Debug */ = {
			isa = XCBuildConfiguration;
			buildSettings = {
				ALWAYS_SEARCH_USER_PATHS = NO;
				ASSETCATALOG_COMPILER_GENERATE_SWIFT_ASSET_SYMBOL_EXTENSIONS = YES;
				CLANG_ANALYZER_NONNULL = YES;
				CLANG_ANALYZER_NUMBER_OBJECT_CONVERSION = YES_AGGRESSIVE;
				CLANG_CXX_LANGUAGE_STANDARD = "gnu++20";
				CLANG_ENABLE_MODULES = YES;
				CLANG_ENABLE_OBJC_ARC = YES;
				CLANG_ENABLE_OBJC_WEAK = YES;
				CLANG_WARN_BLOCK_CAPTURE_AUTORELEASING = YES;
				CLANG_WARN_BOOL_CONVERSION = YES;
				CLANG_WARN_COMMA = YES;
				CLANG_WARN_CONSTANT_CONVERSION = YES;
				CLANG_WARN_DEPRECATED_OBJC_IMPLEMENTATIONS = YES;
				CLANG_WARN_DIRECT_OBJC_ISA_USAGE = YES_ERROR;
				CLANG_WARN_DOCUMENTATION_COMMENTS = YES;
				CLANG_WARN_EMPTY_BODY = YES;
				CLANG_WARN_ENUM_CONVERSION = YES;
				CLANG_WARN_INFINITE_RECURSION = YES;
				CLANG_WARN_INT_CONVERSION = YES;
				CLANG_WARN_NON_LITERAL_NULL_CONVERSION = YES;
				CLANG_WARN_OBJC_IMPLICIT_RETAIN_SELF = YES;
				CLANG_WARN_OBJC_LITERAL_CONVERSION = YES;
				CLANG_WARN_OBJC_ROOT_CLASS = YES_ERROR;
				CLANG_WARN_QUOTED_INCLUDE_IN_FRAMEWORK_HEADER = YES;
				CLANG_WARN_RANGE_LOOP_ANALYSIS = YES;
				CLANG_WARN_STRICT_PROTOTYPES = YES;
				CLANG_WARN_SUSPICIOUS_MOVE = YES;
				CLANG_WARN_UNGUARDED_AVAILABILITY = YES_AGGRESSIVE;
				CLANG_WARN_UNREACHABLE_CODE = YES;
				CLANG_WARN__DUPLICATE_METHOD_MATCH = YES;
				COPY_PHASE_STRIP = NO;
				DEBUG_INFORMATION_FORMAT = dwarf;
				ENABLE_STRICT_OBJC_MSGSEND = YES;
				ENABLE_TESTABILITY = YES;
				ENABLE_USER_SCRIPT_SANDBOXING = YES;
				GCC_C_LANGUAGE_STANDARD = gnu17;
				GCC_DYNAMIC_NO_PIC = NO;
				GCC_NO_COMMON_BLOCKS = YES;
				GCC_OPTIMIZATION_LEVEL = 0;
				GCC_PREPROCESSOR_DEFINITIONS = (
					"DEBUG=1",
					"$(inherited)",
				);
				GCC_WARN_64_TO_32_BIT_CONVERSION = YES;
				GCC_WARN_ABOUT_RETURN_TYPE = YES_ERROR;
				GCC_WARN_UNDECLARED_SELECTOR = YES;
				GCC_WARN_UNINITIALIZED_AUTOS = YES_AGGRESSIVE;
				GCC_WARN_UNUSED_FUNCTION = YES;
				GCC_WARN_UNUSED_VARIABLE = YES;
				IPHONEOS_DEPLOYMENT_TARGET = 18.0;
				LOCALIZATION_PREFERS_STRING_CATALOGS = YES;
				MTL_ENABLE_DEBUG_INFO = INCLUDE_SOURCE;
				MTL_FAST_MATH = YES;
				ONLY_ACTIVE_ARCH = YES;
				SDKROOT = iphoneos;
				SWIFT_ACTIVE_COMPILATION_CONDITIONS = "DEBUG $(inherited)";
				SWIFT_OPTIMIZATION_LEVEL = "-Onone";
			};
			name = Debug;
		};
		D9C387A42D0DA2FE00E77054 /* Release */ = {
			isa = XCBuildConfiguration;
			buildSettings = {
				ALWAYS_SEARCH_USER_PATHS = NO;
				ASSETCATALOG_COMPILER_GENERATE_SWIFT_ASSET_SYMBOL_EXTENSIONS = YES;
				CLANG_ANALYZER_NONNULL = YES;
				CLANG_ANALYZER_NUMBER_OBJECT_CONVERSION = YES_AGGRESSIVE;
				CLANG_CXX_LANGUAGE_STANDARD = "gnu++20";
				CLANG_ENABLE_MODULES = YES;
				CLANG_ENABLE_OBJC_ARC = YES;
				CLANG_ENABLE_OBJC_WEAK = YES;
				CLANG_WARN_BLOCK_CAPTURE_AUTORELEASING = YES;
				CLANG_WARN_BOOL_CONVERSION = YES;
				CLANG_WARN_COMMA = YES;
				CLANG_WARN_CONSTANT_CONVERSION = YES;
				CLANG_WARN_DEPRECATED_OBJC_IMPLEMENTATIONS = YES;
				CLANG_WARN_DIRECT_OBJC_ISA_USAGE = YES_ERROR;
				CLANG_WARN_DOCUMENTATION_COMMENTS = YES;
				CLANG_WARN_EMPTY_BODY = YES;
				CLANG_WARN_ENUM_CONVERSION = YES;
				CLANG_WARN_INFINITE_RECURSION = YES;
				CLANG_WARN_INT_CONVERSION = YES;
				CLANG_WARN_NON_LITERAL_NULL_CONVERSION = YES;
				CLANG_WARN_OBJC_IMPLICIT_RETAIN_SELF = YES;
				CLANG_WARN_OBJC_LITERAL_CONVERSION = YES;
				CLANG_WARN_OBJC_ROOT_CLASS = YES_ERROR;
				CLANG_WARN_QUOTED_INCLUDE_IN_FRAMEWORK_HEADER = YES;
				CLANG_WARN_RANGE_LOOP_ANALYSIS = YES;
				CLANG_WARN_STRICT_PROTOTYPES = YES;
				CLANG_WARN_SUSPICIOUS_MOVE = YES;
				CLANG_WARN_UNGUARDED_AVAILABILITY = YES_AGGRESSIVE;
				CLANG_WARN_UNREACHABLE_CODE = YES;
				CLANG_WARN__DUPLICATE_METHOD_MATCH = YES;
				COPY_PHASE_STRIP = NO;
				DEBUG_INFORMATION_FORMAT = "dwarf-with-dsym";
				ENABLE_NS_ASSERTIONS = NO;
				ENABLE_STRICT_OBJC_MSGSEND = YES;
				ENABLE_USER_SCRIPT_SANDBOXING = YES;
				GCC_C_LANGUAGE_STANDARD = gnu17;
				GCC_NO_COMMON_BLOCKS = YES;
				GCC_WARN_64_TO_32_BIT_CONVERSION = YES;
				GCC_WARN_ABOUT_RETURN_TYPE = YES_ERROR;
				GCC_WARN_UNDECLARED_SELECTOR = YES;
				GCC_WARN_UNINITIALIZED_AUTOS = YES_AGGRESSIVE;
				GCC_WARN_UNUSED_FUNCTION = YES;
				GCC_WARN_UNUSED_VARIABLE = YES;
				IPHONEOS_DEPLOYMENT_TARGET = 18.0;
				LOCALIZATION_PREFERS_STRING_CATALOGS = YES;
				MTL_ENABLE_DEBUG_INFO = NO;
				MTL_FAST_MATH = YES;
				SDKROOT = iphoneos;
				SWIFT_COMPILATION_MODE = wholemodule;
				VALIDATE_PRODUCT = YES;
			};
			name = Release;
		};
		D9C387A62D0DA2FE00E77054 /* Debug */ = {
			isa = XCBuildConfiguration;
			buildSettings = {
				ASSETCATALOG_COMPILER_APPICON_NAME = AppIcon;
				ASSETCATALOG_COMPILER_GLOBAL_ACCENT_COLOR_NAME = AccentColor;
				CODE_SIGN_STYLE = Automatic;
				CURRENT_PROJECT_VERSION = 1;
				DEVELOPMENT_ASSET_PATHS = "\"tasty.ai/Preview Content\"";
				DEVELOPMENT_TEAM = 8KQDNNV2H5;
				ENABLE_PREVIEWS = YES;
				GENERATE_INFOPLIST_FILE = YES;
				INFOPLIST_KEY_UIApplicationSceneManifest_Generation = YES;
				INFOPLIST_KEY_UIApplicationSupportsIndirectInputEvents = YES;
				INFOPLIST_KEY_UILaunchScreen_Generation = YES;
				INFOPLIST_KEY_UISupportedInterfaceOrientations_iPad = "UIInterfaceOrientationPortrait UIInterfaceOrientationPortraitUpsideDown UIInterfaceOrientationLandscapeLeft UIInterfaceOrientationLandscapeRight";
				INFOPLIST_KEY_UISupportedInterfaceOrientations_iPhone = "UIInterfaceOrientationPortrait UIInterfaceOrientationLandscapeLeft UIInterfaceOrientationLandscapeRight";
				LD_RUNPATH_SEARCH_PATHS = (
					"$(inherited)",
					"@executable_path/Frameworks",
				);
				MARKETING_VERSION = 1.0;
				PRODUCT_BUNDLE_IDENTIFIER = "com.shinzu.tasty-ai";
				PRODUCT_NAME = "$(TARGET_NAME)";
				SWIFT_EMIT_LOC_STRINGS = YES;
				SWIFT_VERSION = 5.0;
				TARGETED_DEVICE_FAMILY = "1,2";
			};
			name = Debug;
		};
		D9C387A72D0DA2FE00E77054 /* Release */ = {
			isa = XCBuildConfiguration;
			buildSettings = {
				ASSETCATALOG_COMPILER_APPICON_NAME = AppIcon;
				ASSETCATALOG_COMPILER_GLOBAL_ACCENT_COLOR_NAME = AccentColor;
				CODE_SIGN_STYLE = Automatic;
				CURRENT_PROJECT_VERSION = 1;
				DEVELOPMENT_ASSET_PATHS = "\"tasty.ai/Preview Content\"";
				DEVELOPMENT_TEAM = 8KQDNNV2H5;
				ENABLE_PREVIEWS = YES;
				GENERATE_INFOPLIST_FILE = YES;
				INFOPLIST_KEY_UIApplicationSceneManifest_Generation = YES;
				INFOPLIST_KEY_UIApplicationSupportsIndirectInputEvents = YES;
				INFOPLIST_KEY_UILaunchScreen_Generation = YES;
				INFOPLIST_KEY_UISupportedInterfaceOrientations_iPad = "UIInterfaceOrientationPortrait UIInterfaceOrientationPortraitUpsideDown UIInterfaceOrientationLandscapeLeft UIInterfaceOrientationLandscapeRight";
				INFOPLIST_KEY_UISupportedInterfaceOrientations_iPhone = "UIInterfaceOrientationPortrait UIInterfaceOrientationLandscapeLeft UIInterfaceOrientationLandscapeRight";
				LD_RUNPATH_SEARCH_PATHS = (
					"$(inherited)",
					"@executable_path/Frameworks",
				);
				MARKETING_VERSION = 1.0;
				PRODUCT_BUNDLE_IDENTIFIER = "com.shinzu.tasty-ai";
				PRODUCT_NAME = "$(TARGET_NAME)";
				SWIFT_EMIT_LOC_STRINGS = YES;
				SWIFT_VERSION = 5.0;
				TARGETED_DEVICE_FAMILY = "1,2";
			};
			name = Release;
		};
		D9C387A92D0DA2FE00E77054 /* Debug */ = {
			isa = XCBuildConfiguration;
			buildSettings = {
				BUNDLE_LOADER = "$(TEST_HOST)";
				CODE_SIGN_STYLE = Automatic;
				CURRENT_PROJECT_VERSION = 1;
				DEVELOPMENT_TEAM = 8KQDNNV2H5;
				GENERATE_INFOPLIST_FILE = YES;
				IPHONEOS_DEPLOYMENT_TARGET = 18.0;
				MARKETING_VERSION = 1.0;
				PRODUCT_BUNDLE_IDENTIFIER = "com.shinzu.tasty-aiTests";
				PRODUCT_NAME = "$(TARGET_NAME)";
				SWIFT_EMIT_LOC_STRINGS = NO;
				SWIFT_VERSION = 5.0;
				TARGETED_DEVICE_FAMILY = "1,2";
				TEST_HOST = "$(BUILT_PRODUCTS_DIR)/tasty.ai.app/$(BUNDLE_EXECUTABLE_FOLDER_PATH)/tasty.ai";
			};
			name = Debug;
		};
		D9C387AA2D0DA2FE00E77054 /* Release */ = {
			isa = XCBuildConfiguration;
			buildSettings = {
				BUNDLE_LOADER = "$(TEST_HOST)";
				CODE_SIGN_STYLE = Automatic;
				CURRENT_PROJECT_VERSION = 1;
				DEVELOPMENT_TEAM = 8KQDNNV2H5;
				GENERATE_INFOPLIST_FILE = YES;
				IPHONEOS_DEPLOYMENT_TARGET = 18.0;
				MARKETING_VERSION = 1.0;
				PRODUCT_BUNDLE_IDENTIFIER = "com.shinzu.tasty-aiTests";
				PRODUCT_NAME = "$(TARGET_NAME)";
				SWIFT_EMIT_LOC_STRINGS = NO;
				SWIFT_VERSION = 5.0;
				TARGETED_DEVICE_FAMILY = "1,2";
				TEST_HOST = "$(BUILT_PRODUCTS_DIR)/tasty.ai.app/$(BUNDLE_EXECUTABLE_FOLDER_PATH)/tasty.ai";
			};
			name = Release;
		};
		D9C387AC2D0DA2FE00E77054 /* Debug */ = {
			isa = XCBuildConfiguration;
			buildSettings = {
				CODE_SIGN_STYLE = Automatic;
				CURRENT_PROJECT_VERSION = 1;
				DEVELOPMENT_TEAM = 8KQDNNV2H5;
				GENERATE_INFOPLIST_FILE = YES;
				MARKETING_VERSION = 1.0;
				PRODUCT_BUNDLE_IDENTIFIER = "com.shinzu.tasty-aiUITests";
				PRODUCT_NAME = "$(TARGET_NAME)";
				SWIFT_EMIT_LOC_STRINGS = NO;
				SWIFT_VERSION = 5.0;
				TARGETED_DEVICE_FAMILY = "1,2";
				TEST_TARGET_NAME = tasty.ai;
			};
			name = Debug;
		};
		D9C387AD2D0DA2FE00E77054 /* Release */ = {
			isa = XCBuildConfiguration;
			buildSettings = {
				CODE_SIGN_STYLE = Automatic;
				CURRENT_PROJECT_VERSION = 1;
				DEVELOPMENT_TEAM = 8KQDNNV2H5;
				GENERATE_INFOPLIST_FILE = YES;
				MARKETING_VERSION = 1.0;
				PRODUCT_BUNDLE_IDENTIFIER = "com.shinzu.tasty-aiUITests";
				PRODUCT_NAME = "$(TARGET_NAME)";
				SWIFT_EMIT_LOC_STRINGS = NO;
				SWIFT_VERSION = 5.0;
				TARGETED_DEVICE_FAMILY = "1,2";
				TEST_TARGET_NAME = tasty.ai;
			};
			name = Release;
		};
/* End XCBuildConfiguration section */

/* Begin XCConfigurationList section */
		D9C3877C2D0DA2FD00E77054 /* Build configuration list for PBXProject "tasty.ai" */ = {
			isa = XCConfigurationList;
			buildConfigurations = (
				D9C387A32D0DA2FE00E77054 /* Debug */,
				D9C387A42D0DA2FE00E77054 /* Release */,
			);
			defaultConfigurationIsVisible = 0;
			defaultConfigurationName = Release;
		};
		D9C387A52D0DA2FE00E77054 /* Build configuration list for PBXNativeTarget "tasty.ai" */ = {
			isa = XCConfigurationList;
			buildConfigurations = (
				D9C387A62D0DA2FE00E77054 /* Debug */,
				D9C387A72D0DA2FE00E77054 /* Release */,
			);
			defaultConfigurationIsVisible = 0;
			defaultConfigurationName = Release;
		};
		D9C387A82D0DA2FE00E77054 /* Build configuration list for PBXNativeTarget "tasty.aiTests" */ = {
			isa = XCConfigurationList;
			buildConfigurations = (
				D9C387A92D0DA2FE00E77054 /* Debug */,
				D9C387AA2D0DA2FE00E77054 /* Release */,
			);
			defaultConfigurationIsVisible = 0;
			defaultConfigurationName = Release;
		};
		D9C387AB2D0DA2FE00E77054 /* Build configuration list for PBXNativeTarget "tasty.aiUITests" */ = {
			isa = XCConfigurationList;
			buildConfigurations = (
				D9C387AC2D0DA2FE00E77054 /* Debug */,
				D9C387AD2D0DA2FE00E77054 /* Release */,
			);
			defaultConfigurationIsVisible = 0;
			defaultConfigurationName = Release;
		};
/* End XCConfigurationList section */
	};
	rootObject = D9C387792D0DA2FD00E77054 /* Project object */;
}
